
Microsoft Visual Studio Solution File, Format Version 12.00
# Visual Studio Version 17
VisualStudioVersion = 17.13.35931.197 d17.13
MinimumVisualStudioVersion = 10.0.40219.1
Project("{FAE04EC0-301F-11D3-BF4B-00C04F79EFBC}") = "GrandiaRedux", "GrandiaRedux\GrandiaRedux.csproj", "{9503D453-FD05-4AD5-B096-523D74941E0A}"
EndProject
Global
	GlobalSection(SolutionConfigurationPlatforms) = preSolution
		Debug|Any CPU = Debug|Any CPU
		Release|Any CPU = Release|Any CPU
	EndGlobalSection
	GlobalSection(ProjectConfigurationPlatforms) = postSolution
		{9503D453-FD05-4AD5-B096-523D74941E0A}.Debug|Any CPU.ActiveCfg = Debug|Any CPU
		{9503D453-FD05-4AD5-B096-523D74941E0A}.Debug|Any CPU.Build.0 = Debug|Any CPU
		{9503D453-FD05-4AD5-B096-523D74941E0A}.Release|Any CPU.ActiveCfg = Release|Any CPU
		{9503D453-FD05-4AD5-B096-523D74941E0A}.Release|Any CPU.Build.0 = Release|Any CPU
	EndGlobalSection
	GlobalSection(SolutionProperties) = preSolution
		HideSolutionNode = FALSE
	EndGlobalSection
	GlobalSection(ExtensibilityGlobals) = postSolution
		SolutionGuid = {5EBAA473-1000-4AD7-B9B5-FA1F9FB5CDDA}
	EndGlobalSection
EndGlobal
